
Microsoft Visual Studio Solution File, Format Version 12.00
# Visual Studio Version 16
VisualStudioVersion = 16.0.31321.278
MinimumVisualStudioVersion = 10.0.40219.1
Project("{8BC9CEB8-8B4A-11D0-8D11-00A0C91BC942}") = "Transgerbeur", "Transgerbeur\Transgerbeur.vcxproj", "{E59E468C-0F01-433D-AACE-01F85A53FF70}"
EndProject
Project("{8BC9CEB8-8B4A-11D0-8D11-00A0C91BC942}") = "GestionEmployes", "GestionEmployes\GestionEmployes.vcxproj", "{73EDDD25-4D39-4631-9F43-712B6D32D875}"
EndProject
Project("{8BC9CEB8-8B4A-11D0-8D11-00A0C91BC942}") = "RGB", "RGB\RGB.vcxproj", "{151E1F44-865F-4CD4-9EB3-2C7C349D64B5}"
EndProject
Global
	GlobalSection(SolutionConfigurationPlatforms) = preSolution
		Debug|x64 = Debug|x64
		Debug|x86 = Debug|x86
		Release|x64 = Release|x64
		Release|x86 = Release|x86
	EndGlobalSection
	GlobalSection(ProjectConfigurationPlatforms) = postSolution
		{E59E468C-0F01-433D-AACE-01F85A53FF70}.Debug|x64.ActiveCfg = Debug|x64
		{E59E468C-0F01-433D-AACE-01F85A53FF70}.Debug|x64.Build.0 = Debug|x64
		{E59E468C-0F01-433D-AACE-01F85A53FF70}.Debug|x86.ActiveCfg = Debug|Win32
		{E59E468C-0F01-433D-AACE-01F85A53FF70}.Debug|x86.Build.0 = Debug|Win32
		{E59E468C-0F01-433D-AACE-01F85A53FF70}.Release|x64.ActiveCfg = Release|x64
		{E59E468C-0F01-433D-AACE-01F85A53FF70}.Release|x64.Build.0 = Release|x64
		{E59E468C-0F01-433D-AACE-01F85A53FF70}.Release|x86.ActiveCfg = Release|Win32
		{E59E468C-0F01-433D-AACE-01F85A53FF70}.Release|x86.Build.0 = Release|Win32
		{73EDDD25-4D39-4631-9F43-712B6D32D875}.Debug|x64.ActiveCfg = Debug|x64
		{73EDDD25-4D39-4631-9F43-712B6D32D875}.Debug|x64.Build.0 = Debug|x64
		{73EDDD25-4D39-4631-9F43-712B6D32D875}.Debug|x86.ActiveCfg = Debug|Win32
		{73EDDD25-4D39-4631-9F43-712B6D32D875}.Debug|x86.Build.0 = Debug|Win32
		{73EDDD25-4D39-4631-9F43-712B6D32D875}.Release|x64.ActiveCfg = Release|x64
		{73EDDD25-4D39-4631-9F43-712B6D32D875}.Release|x64.Build.0 = Release|x64
		{73EDDD25-4D39-4631-9F43-712B6D32D875}.Release|x86.ActiveCfg = Release|Win32
		{73EDDD25-4D39-4631-9F43-712B6D32D875}.Release|x86.Build.0 = Release|Win32
		{151E1F44-865F-4CD4-9EB3-2C7C349D64B5}.Debug|x64.ActiveCfg = Debug|x64
		{151E1F44-865F-4CD4-9EB3-2C7C349D64B5}.Debug|x64.Build.0 = Debug|x64
		{151E1F44-865F-4CD4-9EB3-2C7C349D64B5}.Debug|x86.ActiveCfg = Debug|Win32
		{151E1F44-865F-4CD4-9EB3-2C7C349D64B5}.Debug|x86.Build.0 = Debug|Win32
		{151E1F44-865F-4CD4-9EB3-2C7C349D64B5}.Release|x64.ActiveCfg = Release|x64
		{151E1F44-865F-4CD4-9EB3-2C7C349D64B5}.Release|x64.Build.0 = Release|x64
		{151E1F44-865F-4CD4-9EB3-2C7C349D64B5}.Release|x86.ActiveCfg = Release|Win32
		{151E1F44-865F-4CD4-9EB3-2C7C349D64B5}.Release|x86.Build.0 = Release|Win32
	EndGlobalSection
	GlobalSection(SolutionProperties) = preSolution
		HideSolutionNode = FALSE
	EndGlobalSection
	GlobalSection(ExtensibilityGlobals) = postSolution
		SolutionGuid = {79D8C063-0C0E-4813-BFDE-D68A49700C63}
	EndGlobalSection
EndGlobal
